
Microsoft Visual Studio Solution File, Format Version 12.00
# Visual Studio 2012
Project("{E24C65DC-7377-472B-9ABA-BC803B73C61A}") = "audio-player", ".", "{5515E314-6C5D-4C37-A26D-F9F24B6DA9D0}"
	ProjectSection(WebsiteProperties) = preProject
		TargetFrameworkMoniker = ".NETFramework,Version%3Dv4.0"
		Debug.AspNetCompiler.VirtualPath = "/localhost_52162"
		Debug.AspNetCompiler.PhysicalPath = "..\audio-player\"
		Debug.AspNetCompiler.TargetPath = "PrecompiledWeb\localhost_52162\"
		Debug.AspNetCompiler.Updateable = "true"
		Debug.AspNetCompiler.ForceOverwrite = "true"
		Debug.AspNetCompiler.FixedNames = "false"
		Debug.AspNetCompiler.Debug = "True"
		Release.AspNetCompiler.VirtualPath = "/localhost_52162"
		Release.AspNetCompiler.PhysicalPath = "..\audio-player\"
		Release.AspNetCompiler.TargetPath = "PrecompiledWeb\localhost_52162\"
		Release.AspNetCompiler.Updateable = "true"
		Release.AspNetCompiler.ForceOverwrite = "true"
		Release.AspNetCompiler.FixedNames = "false"
		Release.AspNetCompiler.Debug = "False"
		VWDPort = "52162"
	EndProjectSection
EndProject
Global
	GlobalSection(SolutionConfigurationPlatforms) = preSolution
		Debug|Any CPU = Debug|Any CPU
	EndGlobalSection
	GlobalSection(ProjectConfigurationPlatforms) = postSolution
		{5515E314-6C5D-4C37-A26D-F9F24B6DA9D0}.Debug|Any CPU.ActiveCfg = Debug|Any CPU
		{5515E314-6C5D-4C37-A26D-F9F24B6DA9D0}.Debug|Any CPU.Build.0 = Debug|Any CPU
	EndGlobalSection
	GlobalSection(SolutionProperties) = preSolution
		HideSolutionNode = FALSE
	EndGlobalSection
EndGlobal
